
Microsoft Visual Studio Solution File, Format Version 12.00
# Visual Studio Version 17
VisualStudioVersion = 17.3.32929.385
MinimumVisualStudioVersion = 10.0.40219.1
Project("{8BC9CEB8-8B4A-11D0-8D11-00A0C91BC942}") = "prj99", "prj99\prj99.vcxproj", "{7767568B-BAB5-4518-8E37-E0FB9A6A633C}"
EndProject
Global
	GlobalSection(SolutionConfigurationPlatforms) = preSolution
		Debug|x64 = Debug|x64
		Debug|x86 = Debug|x86
		Release|x64 = Release|x64
		Release|x86 = Release|x86
	EndGlobalSection
	GlobalSection(ProjectConfigurationPlatforms) = postSolution
		{7767568B-BAB5-4518-8E37-E0FB9A6A633C}.Debug|x64.ActiveCfg = Debug|x64
		{7767568B-BAB5-4518-8E37-E0FB9A6A633C}.Debug|x64.Build.0 = Debug|x64
		{7767568B-BAB5-4518-8E37-E0FB9A6A633C}.Debug|x86.ActiveCfg = Debug|Win32
		{7767568B-BAB5-4518-8E37-E0FB9A6A633C}.Debug|x86.Build.0 = Debug|Win32
		{7767568B-BAB5-4518-8E37-E0FB9A6A633C}.Release|x64.ActiveCfg = Release|x64
		{7767568B-BAB5-4518-8E37-E0FB9A6A633C}.Release|x64.Build.0 = Release|x64
		{7767568B-BAB5-4518-8E37-E0FB9A6A633C}.Release|x86.ActiveCfg = Release|Win32
		{7767568B-BAB5-4518-8E37-E0FB9A6A633C}.Release|x86.Build.0 = Release|Win32
	EndGlobalSection
	GlobalSection(SolutionProperties) = preSolution
		HideSolutionNode = FALSE
	EndGlobalSection
	GlobalSection(ExtensibilityGlobals) = postSolution
		SolutionGuid = {A65DFCAE-9D8D-487F-8BB0-7D8E27A648A9}
	EndGlobalSection
EndGlobal
