
Microsoft Visual Studio Solution File, Format Version 12.00
# Visual Studio Version 17
VisualStudioVersion = 17.3.32929.385
MinimumVisualStudioVersion = 10.0.40219.1
Project("{8BC9CEB8-8B4A-11D0-8D11-00A0C91BC942}") = "prj8", "prj8\prj8.vcxproj", "{B564EE09-0D56-44C8-A860-5DF0CF283090}"
EndProject
Global
	GlobalSection(SolutionConfigurationPlatforms) = preSolution
		Debug|x64 = Debug|x64
		Debug|x86 = Debug|x86
		Release|x64 = Release|x64
		Release|x86 = Release|x86
	EndGlobalSection
	GlobalSection(ProjectConfigurationPlatforms) = postSolution
		{B564EE09-0D56-44C8-A860-5DF0CF283090}.Debug|x64.ActiveCfg = Debug|x64
		{B564EE09-0D56-44C8-A860-5DF0CF283090}.Debug|x64.Build.0 = Debug|x64
		{B564EE09-0D56-44C8-A860-5DF0CF283090}.Debug|x86.ActiveCfg = Debug|Win32
		{B564EE09-0D56-44C8-A860-5DF0CF283090}.Debug|x86.Build.0 = Debug|Win32
		{B564EE09-0D56-44C8-A860-5DF0CF283090}.Release|x64.ActiveCfg = Release|x64
		{B564EE09-0D56-44C8-A860-5DF0CF283090}.Release|x64.Build.0 = Release|x64
		{B564EE09-0D56-44C8-A860-5DF0CF283090}.Release|x86.ActiveCfg = Release|Win32
		{B564EE09-0D56-44C8-A860-5DF0CF283090}.Release|x86.Build.0 = Release|Win32
	EndGlobalSection
	GlobalSection(SolutionProperties) = preSolution
		HideSolutionNode = FALSE
	EndGlobalSection
	GlobalSection(ExtensibilityGlobals) = postSolution
		SolutionGuid = {B6CF6410-8020-4F83-977A-FDDA1F0BD8F9}
	EndGlobalSection
EndGlobal
