
Microsoft Visual Studio Solution File, Format Version 12.00
# Visual Studio Version 17
VisualStudioVersion = 17.3.32929.385
MinimumVisualStudioVersion = 10.0.40219.1
Project("{8BC9CEB8-8B4A-11D0-8D11-00A0C91BC942}") = "prj4", "prj4\prj4.vcxproj", "{DFD9B027-7D52-4837-A2CF-F9F1C5EB9BCA}"
EndProject
Global
	GlobalSection(SolutionConfigurationPlatforms) = preSolution
		Debug|x64 = Debug|x64
		Debug|x86 = Debug|x86
		Release|x64 = Release|x64
		Release|x86 = Release|x86
	EndGlobalSection
	GlobalSection(ProjectConfigurationPlatforms) = postSolution
		{DFD9B027-7D52-4837-A2CF-F9F1C5EB9BCA}.Debug|x64.ActiveCfg = Debug|x64
		{DFD9B027-7D52-4837-A2CF-F9F1C5EB9BCA}.Debug|x64.Build.0 = Debug|x64
		{DFD9B027-7D52-4837-A2CF-F9F1C5EB9BCA}.Debug|x86.ActiveCfg = Debug|Win32
		{DFD9B027-7D52-4837-A2CF-F9F1C5EB9BCA}.Debug|x86.Build.0 = Debug|Win32
		{DFD9B027-7D52-4837-A2CF-F9F1C5EB9BCA}.Release|x64.ActiveCfg = Release|x64
		{DFD9B027-7D52-4837-A2CF-F9F1C5EB9BCA}.Release|x64.Build.0 = Release|x64
		{DFD9B027-7D52-4837-A2CF-F9F1C5EB9BCA}.Release|x86.ActiveCfg = Release|Win32
		{DFD9B027-7D52-4837-A2CF-F9F1C5EB9BCA}.Release|x86.Build.0 = Release|Win32
	EndGlobalSection
	GlobalSection(SolutionProperties) = preSolution
		HideSolutionNode = FALSE
	EndGlobalSection
	GlobalSection(ExtensibilityGlobals) = postSolution
		SolutionGuid = {B3DF0D10-D258-489E-94BC-FBDB9AE3233C}
	EndGlobalSection
EndGlobal
